// !$*UTF8*$!
{
	archiveVersion = 1;
	classes = {
	};
	objectVersion = 56;
	objects = {

/* Begin PBXBuildFile section */
		4110B0872BCC0A2600FF736E /* GradientBootcamp.swift in Sources */ = {isa = PBXBuildFile; fileRef = 4110B0862BCC0A2600FF736E /* GradientBootcamp.swift */; };
		4110B0892BCC0D2E00FF736E /* IconsBootcamp.swift in Sources */ = {isa = PBXBuildFile; fileRef = 4110B0882BCC0D2E00FF736E /* IconsBootcamp.swift */; };
		4110B08B2BCC0EF700FF736E /* ImageBootcamp.swift in Sources */ = {isa = PBXBuildFile; fileRef = 4110B08A2BCC0EF700FF736E /* ImageBootcamp.swift */; };
		4123F9272BB83ECB00B4D405 /* SwiftfulThinkingBootcampApp.swift in Sources */ = {isa = PBXBuildFile; fileRef = 4123F9262BB83ECB00B4D405 /* SwiftfulThinkingBootcampApp.swift */; };
		4123F9292BB83ECB00B4D405 /* ContentView.swift in Sources */ = {isa = PBXBuildFile; fileRef = 4123F9282BB83ECB00B4D405 /* ContentView.swift */; };
		4123F92B2BB83ECE00B4D405 /* Assets.xcassets in Resources */ = {isa = PBXBuildFile; fileRef = 4123F92A2BB83ECE00B4D405 /* Assets.xcassets */; };
		4123F92E2BB83ECE00B4D405 /* Preview Assets.xcassets in Resources */ = {isa = PBXBuildFile; fileRef = 4123F92D2BB83ECE00B4D405 /* Preview Assets.xcassets */; };
		4123F9352BB8401700B4D405 /* TextBootcamp.swift in Sources */ = {isa = PBXBuildFile; fileRef = 4123F9342BB8401700B4D405 /* TextBootcamp.swift */; };
		414B85722D4FC91500FB6A95 /* FrameBootcamp.swift in Sources */ = {isa = PBXBuildFile; fileRef = 414B85712D4FC91500FB6A95 /* FrameBootcamp.swift */; };
		414B85742D4FD5F700FB6A95 /* BackgroundAndOverlaysBootcamp.swift in Sources */ = {isa = PBXBuildFile; fileRef = 414B85732D4FD5F700FB6A95 /* BackgroundAndOverlaysBootcamp.swift */; };
		41531B962E3FD1D200D76835 /* ModifiersBootcamp.swift in Sources */ = {isa = PBXBuildFile; fileRef = 41531B952E3FD1D200D76835 /* ModifiersBootcamp.swift */; };
		41531B982E3FD63200D76835 /* ViewBuilderBootcamp.swift in Sources */ = {isa = PBXBuildFile; fileRef = 41531B972E3FD63200D76835 /* ViewBuilderBootcamp.swift */; };
		416C945C2E50661A00E9D3BC /* CombineBootcamp.swift in Sources */ = {isa = PBXBuildFile; fileRef = 416C945B2E50661A00E9D3BC /* CombineBootcamp.swift */; };
		4170327C2BB9421800E808FE /* ShapesBootcamp.swift in Sources */ = {isa = PBXBuildFile; fileRef = 4170327B2BB9421800E808FE /* ShapesBootcamp.swift */; };
		4170327E2BB945F300E808FE /* ColorsBootcamp.swift in Sources */ = {isa = PBXBuildFile; fileRef = 4170327D2BB945F300E808FE /* ColorsBootcamp.swift */; };
		4189C1622E3A911E00721B7C /* README.md in Resources */ = {isa = PBXBuildFile; fileRef = 4189C1612E3A911E00721B7C /* README.md */; };
		4189C1642E3A99B100721B7C /* ViewModelBootcamp.swift in Sources */ = {isa = PBXBuildFile; fileRef = 4189C1632E3A99B100721B7C /* ViewModelBootcamp.swift */; };
		4192D4172E3E8A9F0057F8CE /* StateObservedBootcamp.swift in Sources */ = {isa = PBXBuildFile; fileRef = 4192D4162E3E8A9F0057F8CE /* StateObservedBootcamp.swift */; };
		419352842E4133DA00BB49AB /* GeometryReaderBootcamp.swift in Sources */ = {isa = PBXBuildFile; fileRef = 419352832E4133DA00BB49AB /* GeometryReaderBootcamp.swift */; };
		41C628912D8F12D700DF4F1A /* EnvironmentObjectDemoView.swift in Sources */ = {isa = PBXBuildFile; fileRef = 41C628902D8F12D700DF4F1A /* EnvironmentObjectDemoView.swift */; };
		41DDE16B2D78CD5400061953 /* StateBootcamp.swift in Sources */ = {isa = PBXBuildFile; fileRef = 41DDE16A2D78CD5400061953 /* StateBootcamp.swift */; };
		41DDE16D2D78D93D00061953 /* BindingBootcamp.swift in Sources */ = {isa = PBXBuildFile; fileRef = 41DDE16C2D78D93D00061953 /* BindingBootcamp.swift */; };
		838248622FEEBEA30023ECAA /* TextFieldChanges.swift in Sources */ = {isa = PBXBuildFile; fileRef = 838248612FEEBEA30023ECAA /* TextFieldChanges.swift */; };
/* End PBXBuildFile section */

/* Begin PBXFileReference section */
		4110B0862BCC0A2600FF736E /* GradientBootcamp.swift */ = {isa = PBXFileReference; lastKnownFileType = sourcecode.swift; path = GradientBootcamp.swift; sourceTree = "<group>"; };
		4110B0882BCC0D2E00FF736E /* IconsBootcamp.swift */ = {isa = PBXFileReference; lastKnownFileType = sourcecode.swift; path = IconsBootcamp.swift; sourceTree = "<group>"; };
		4110B08A2BCC0EF700FF736E /* ImageBootcamp.swift */ = {isa = PBXFileReference; lastKnownFileType = sourcecode.swift; path = ImageBootcamp.swift; sourceTree = "<group>"; };
		4123F9232BB83ECB00B4D405 /* SwiftfulThinkingBootcamp.app */ = {isa = PBXFileReference; explicitFileType = wrapper.application; includeInIndex = 0; path = SwiftfulThinkingBootcamp.app; sourceTree = BUILT_PRODUCTS_DIR; };
		4123F9262BB83ECB00B4D405 /* SwiftfulThinkingBootcampApp.swift */ = {isa = PBXFileReference; lastKnownFileType = sourcecode.swift; path = SwiftfulThinkingBootcampApp.swift; sourceTree = "<group>"; };
		4123F9282BB83ECB00B4D405 /* ContentView.swift */ = {isa = PBXFileReference; lastKnownFileType = sourcecode.swift; path = ContentView.swift; sourceTree = "<group>"; };
		4123F92A2BB83ECE00B4D405 /* Assets.xcassets */ = {isa = PBXFileReference; lastKnownFileType = folder.assetcatalog; path = Assets.xcassets; sourceTree = "<group>"; };
		4123F92D2BB83ECE00B4D405 /* Preview Assets.xcassets */ = {isa = PBXFileReference; lastKnownFileType = folder.assetcatalog; path = "Preview Assets.xcassets"; sourceTree = "<group>"; };
		4123F9342BB8401700B4D405 /* TextBootcamp.swift */ = {isa = PBXFileReference; lastKnownFileType = sourcecode.swift; path = TextBootcamp.swift; sourceTree = "<group>"; };
		414B85712D4FC91500FB6A95 /* FrameBootcamp.swift */ = {isa = PBXFileReference; lastKnownFileType = sourcecode.swift; path = FrameBootcamp.swift; sourceTree = "<group>"; };
		414B85732D4FD5F700FB6A95 /* BackgroundAndOverlaysBootcamp.swift */ = {isa = PBXFileReference; lastKnownFileType = sourcecode.swift; path = BackgroundAndOverlaysBootcamp.swift; sourceTree = "<group>"; };
		41531B952E3FD1D200D76835 /* ModifiersBootcamp.swift */ = {isa = PBXFileReference; lastKnownFileType = sourcecode.swift; path = ModifiersBootcamp.swift; sourceTree = "<group>"; };
		41531B972E3FD63200D76835 /* ViewBuilderBootcamp.swift */ = {isa = PBXFileReference; lastKnownFileType = sourcecode.swift; path = ViewBuilderBootcamp.swift; sourceTree = "<group>"; };
		416C945B2E50661A00E9D3BC /* CombineBootcamp.swift */ = {isa = PBXFileReference; lastKnownFileType = sourcecode.swift; path = CombineBootcamp.swift; sourceTree = "<group>"; };
		4170327B2BB9421800E808FE /* ShapesBootcamp.swift */ = {isa = PBXFileReference; lastKnownFileType = sourcecode.swift; path = ShapesBootcamp.swift; sourceTree = "<group>"; };
		4170327D2BB945F300E808FE /* ColorsBootcamp.swift */ = {isa = PBXFileReference; lastKnownFileType = sourcecode.swift; path = ColorsBootcamp.swift; sourceTree = "<group>"; };
		4189C1612E3A911E00721B7C /* README.md */ = {isa = PBXFileReference; lastKnownFileType = net.daringfireball.markdown; path = README.md; sourceTree = "<group>"; };
		4189C1632E3A99B100721B7C /* ViewModelBootcamp.swift */ = {isa = PBXFileReference; lastKnownFileType = sourcecode.swift; path = ViewModelBootcamp.swift; sourceTree = "<group>"; };
		4192D4162E3E8A9F0057F8CE /* StateObservedBootcamp.swift */ = {isa = PBXFileReference; lastKnownFileType = sourcecode.swift; path = StateObservedBootcamp.swift; sourceTree = "<group>"; };
		419352832E4133DA00BB49AB /* GeometryReaderBootcamp.swift */ = {isa = PBXFileReference; lastKnownFileType = sourcecode.swift; path = GeometryReaderBootcamp.swift; sourceTree = "<group>"; };
		41C628902D8F12D700DF4F1A /* EnvironmentObjectDemoView.swift */ = {isa = PBXFileReference; lastKnownFileType = sourcecode.swift; path = EnvironmentObjectDemoView.swift; sourceTree = "<group>"; };
		41DDE16A2D78CD5400061953 /* StateBootcamp.swift */ = {isa = PBXFileReference; lastKnownFileType = sourcecode.swift; path = StateBootcamp.swift; sourceTree = "<group>"; };
		41DDE16C2D78D93D00061953 /* BindingBootcamp.swift */ = {isa = PBXFileReference; lastKnownFileType = sourcecode.swift; path = BindingBootcamp.swift; sourceTree = "<group>"; };
		838248612FEEBEA30023ECAA /* TextFieldChanges.swift */ = {isa = PBXFileReference; lastKnownFileType = sourcecode.swift; path = TextFieldChanges.swift; sourceTree = "<group>"; };
/* End PBXFileReference section */

/* Begin PBXFrameworksBuildPhase section */
		4123F9202BB83ECB00B4D405 /* Frameworks */ = {
			isa = PBXFrameworksBuildPhase;
			buildActionMask = 2147483647;
			files = (
			);
			runOnlyForDeploymentPostprocessing = 0;
		};
/* End PBXFrameworksBuildPhase section */

/* Begin PBXGroup section */
		4123F91A2BB83ECB00B4D405 = {
			isa = PBXGroup;
			children = (
				4123F9252BB83ECB00B4D405 /* SwiftfulThinkingBootcamp */,
				4123F9242BB83ECB00B4D405 /* Products */,
			);
			sourceTree = "<group>";
		};
		4123F9242BB83ECB00B4D405 /* Products */ = {
			isa = PBXGroup;
			children = (
				4123F9232BB83ECB00B4D405 /* SwiftfulThinkingBootcamp.app */,
			);
			name = Products;
			sourceTree = "<group>";
		};
		4123F9252BB83ECB00B4D405 /* SwiftfulThinkingBootcamp */ = {
			isa = PBXGroup;
			children = (
				4123F9262BB83ECB00B4D405 /* SwiftfulThinkingBootcampApp.swift */,
				4123F9282BB83ECB00B4D405 /* ContentView.swift */,
				4123F9342BB8401700B4D405 /* TextBootcamp.swift */,
				4170327B2BB9421800E808FE /* ShapesBootcamp.swift */,
				4170327D2BB945F300E808FE /* ColorsBootcamp.swift */,
				4110B0862BCC0A2600FF736E /* GradientBootcamp.swift */,
				414B85712D4FC91500FB6A95 /* FrameBootcamp.swift */,
				414B85732D4FD5F700FB6A95 /* BackgroundAndOverlaysBootcamp.swift */,
				4110B0882BCC0D2E00FF736E /* IconsBootcamp.swift */,
				4110B08A2BCC0EF700FF736E /* ImageBootcamp.swift */,
				41DDE16A2D78CD5400061953 /* StateBootcamp.swift */,
				41DDE16C2D78D93D00061953 /* BindingBootcamp.swift */,
				41C628902D8F12D700DF4F1A /* EnvironmentObjectDemoView.swift */,
				4189C1632E3A99B100721B7C /* ViewModelBootcamp.swift */,
				4192D4162E3E8A9F0057F8CE /* StateObservedBootcamp.swift */,
				41531B952E3FD1D200D76835 /* ModifiersBootcamp.swift */,
				41531B972E3FD63200D76835 /* ViewBuilderBootcamp.swift */,
				419352832E4133DA00BB49AB /* GeometryReaderBootcamp.swift */,
				416C945B2E50661A00E9D3BC /* CombineBootcamp.swift */,
				838248612FEEBEA30023ECAA /* TextFieldChanges.swift */,
				4123F92A2BB83ECE00B4D405 /* Assets.xcassets */,
				4123F92C2BB83ECE00B4D405 /* Preview Content */,
				4189C1612E3A911E00721B7C /* README.md */,
			);
			path = SwiftfulThinkingBootcamp;
			sourceTree = "<group>";
		};
		4123F92C2BB83ECE00B4D405 /* Preview Content */ = {
			isa = PBXGroup;
			children = (
				4123F92D2BB83ECE00B4D405 /* Preview Assets.xcassets */,
			);
			path = "Preview Content";
			sourceTree = "<group>";
		};
/* End PBXGroup section */

/* Begin PBXNativeTarget section */
		4123F9222BB83ECB00B4D405 /* SwiftfulThinkingBootcamp */ = {
			isa = PBXNativeTarget;
			buildConfigurationList = 4123F9312BB83ECE00B4D405 /* Build configuration list for PBXNativeTarget "SwiftfulThinkingBootcamp" */;
			buildPhases = (
				4123F91F2BB83ECB00B4D405 /* Sources */,
				4123F9202BB83ECB00B4D405 /* Frameworks */,
				4123F9212BB83ECB00B4D405 /* Resources */,
			);
			buildRules = (
			);
			dependencies = (
			);
			name = SwiftfulThinkingBootcamp;
			productName = SwiftfulThinkingBootcamp;
			productReference = 4123F9232BB83ECB00B4D405 /* SwiftfulThinkingBootcamp.app */;
			productType = "com.apple.product-type.application";
		};
/* End PBXNativeTarget section */

/* Begin PBXProject section */
		4123F91B2BB83ECB00B4D405 /* Project object */ = {
			isa = PBXProject;
			attributes = {
				BuildIndependentTargetsInParallel = 1;
				LastSwiftUpdateCheck = 1520;
				LastUpgradeCheck = 1520;
				TargetAttributes = {
					4123F9222BB83ECB00B4D405 = {
						CreatedOnToolsVersion = 15.2;
					};
				};
			};
			buildConfigurationList = 4123F91E2BB83ECB00B4D405 /* Build configuration list for PBXProject "SwiftfulThinkingBootcamp" */;
			compatibilityVersion = "Xcode 14.0";
			developmentRegion = en;
			hasScannedForEncodings = 0;
			knownRegions = (
				en,
				Base,
			);
			mainGroup = 4123F91A2BB83ECB00B4D405;
			productRefGroup = 4123F9242BB83ECB00B4D405 /* Products */;
			projectDirPath = "";
			projectRoot = "";
			targets = (
				4123F9222BB83ECB00B4D405 /* SwiftfulThinkingBootcamp */,
			);
		};
/* End PBXProject section */

/* Begin PBXResourcesBuildPhase section */
		4123F9212BB83ECB00B4D405 /* Resources */ = {
			isa = PBXResourcesBuildPhase;
			buildActionMask = 2147483647;
			files = (
				4189C1622E3A911E00721B7C /* README.md in Resources */,
				4123F92E2BB83ECE00B4D405 /* Preview Assets.xcassets in Resources */,
				4123F92B2BB83ECE00B4D405 /* Assets.xcassets in Resources */,
			);
			runOnlyForDeploymentPostprocessing = 0;
		};
/* End PBXResourcesBuildPhase section */

/* Begin PBXSourcesBuildPhase section */
		4123F91F2BB83ECB00B4D405 /* Sources */ = {
			isa = PBXSourcesBuildPhase;
			buildActionMask = 2147483647;
			files = (
				4170327E2BB945F300E808FE /* ColorsBootcamp.swift in Sources */,
				416C945C2E50661A00E9D3BC /* CombineBootcamp.swift in Sources */,
				414B85742D4FD5F700FB6A95 /* BackgroundAndOverlaysBootcamp.swift in Sources */,
				4170327C2BB9421800E808FE /* ShapesBootcamp.swift in Sources */,
				41C628912D8F12D700DF4F1A /* EnvironmentObjectDemoView.swift in Sources */,
				41DDE16B2D78CD5400061953 /* StateBootcamp.swift in Sources */,
				41DDE16D2D78D93D00061953 /* BindingBootcamp.swift in Sources */,
				414B85722D4FC91500FB6A95 /* FrameBootcamp.swift in Sources */,
				4189C1642E3A99B100721B7C /* ViewModelBootcamp.swift in Sources */,
				4123F9292BB83ECB00B4D405 /* ContentView.swift in Sources */,
				41531B962E3FD1D200D76835 /* ModifiersBootcamp.swift in Sources */,
				41531B982E3FD63200D76835 /* ViewBuilderBootcamp.swift in Sources */,
				4123F9352BB8401700B4D405 /* TextBootcamp.swift in Sources */,
				4110B0872BCC0A2600FF736E /* GradientBootcamp.swift in Sources */,
				4123F9272BB83ECB00B4D405 /* SwiftfulThinkingBootcampApp.swift in Sources */,
				4110B08B2BCC0EF700FF736E /* ImageBootcamp.swift in Sources */,
				419352842E4133DA00BB49AB /* GeometryReaderBootcamp.swift in Sources */,
				4192D4172E3E8A9F0057F8CE /* StateObservedBootcamp.swift in Sources */,
				4110B0892BCC0D2E00FF736E /* IconsBootcamp.swift in Sources */,
				838248622FEEBEA30023ECAA /* TextFieldChanges.swift in Sources */,
			);
			runOnlyForDeploymentPostprocessing = 0;
		};
/* End PBXSourcesBuildPhase section */

/* Begin XCBuildConfiguration section */
		4123F92F2BB83ECE00B4D405 /* Debug */ = {
			isa = XCBuildConfiguration;
			buildSettings = {
				ALWAYS_SEARCH_USER_PATHS = NO;
				ASSETCATALOG_COMPILER_GENERATE_SWIFT_ASSET_SYMBOL_EXTENSIONS = YES;
				CLANG_ANALYZER_NONNULL = YES;
				CLANG_ANALYZER_NUMBER_OBJECT_CONVERSION = YES_AGGRESSIVE;
				CLANG_CXX_LANGUAGE_STANDARD = "gnu++20";
				CLANG_ENABLE_MODULES = YES;
				CLANG_ENABLE_OBJC_ARC = YES;
				CLANG_ENABLE_OBJC_WEAK = YES;
				CLANG_WARN_BLOCK_CAPTURE_AUTORELEASING = YES;
				CLANG_WARN_BOOL_CONVERSION = YES;
				CLANG_WARN_COMMA = YES;
				CLANG_WARN_CONSTANT_CONVERSION = YES;
				CLANG_WARN_DEPRECATED_OBJC_IMPLEMENTATIONS = YES;
				CLANG_WARN_DIRECT_OBJC_ISA_USAGE = YES_ERROR;
				CLANG_WARN_DOCUMENTATION_COMMENTS = YES;
				CLANG_WARN_EMPTY_BODY = YES;
				CLANG_WARN_ENUM_CONVERSION = YES;
				CLANG_WARN_INFINITE_RECURSION = YES;
				CLANG_WARN_INT_CONVERSION = YES;
				CLANG_WARN_NON_LITERAL_NULL_CONVERSION = YES;
				CLANG_WARN_OBJC_IMPLICIT_RETAIN_SELF = YES;
				CLANG_WARN_OBJC_LITERAL_CONVERSION = YES;
				CLANG_WARN_OBJC_ROOT_CLASS = YES_ERROR;
				CLANG_WARN_QUOTED_INCLUDE_IN_FRAMEWORK_HEADER = YES;
				CLANG_WARN_RANGE_LOOP_ANALYSIS = YES;
				CLANG_WARN_STRICT_PROTOTYPES = YES;
				CLANG_WARN_SUSPICIOUS_MOVE = YES;
				CLANG_WARN_UNGUARDED_AVAILABILITY = YES_AGGRESSIVE;
				CLANG_WARN_UNREACHABLE_CODE = YES;
				CLANG_WARN__DUPLICATE_METHOD_MATCH = YES;
				COPY_PHASE_STRIP = NO;
				DEBUG_INFORMATION_FORMAT = dwarf;
				ENABLE_STRICT_OBJC_MSGSEND = YES;
				ENABLE_TESTABILITY = YES;
				ENABLE_USER_SCRIPT_SANDBOXING = YES;
				GCC_C_LANGUAGE_STANDARD = gnu17;
				GCC_DYNAMIC_NO_PIC = NO;
				GCC_NO_COMMON_BLOCKS = YES;
				GCC_OPTIMIZATION_LEVEL = 0;
				GCC_PREPROCESSOR_DEFINITIONS = (
					"DEBUG=1",
					"$(inherited)",
				);
				GCC_WARN_64_TO_32_BIT_CONVERSION = YES;
				GCC_WARN_ABOUT_RETURN_TYPE = YES_ERROR;
				GCC_WARN_UNDECLARED_SELECTOR = YES;
				GCC_WARN_UNINITIALIZED_AUTOS = YES_AGGRESSIVE;
				GCC_WARN_UNUSED_FUNCTION = YES;
				GCC_WARN_UNUSED_VARIABLE = YES;
				IPHONEOS_DEPLOYMENT_TARGET = 17.2;
				LOCALIZATION_PREFERS_STRING_CATALOGS = YES;
				MTL_ENABLE_DEBUG_INFO = INCLUDE_SOURCE;
				MTL_FAST_MATH = YES;
				ONLY_ACTIVE_ARCH = YES;
				SDKROOT = iphoneos;
				SWIFT_ACTIVE_COMPILATION_CONDITIONS = "DEBUG $(inherited)";
				SWIFT_OPTIMIZATION_LEVEL = "-Onone";
			};
			name = Debug;
		};
		4123F9302BB83ECE00B4D405 /* Release */ = {
			isa = XCBuildConfiguration;
			buildSettings = {
				ALWAYS_SEARCH_USER_PATHS = NO;
				ASSETCATALOG_COMPILER_GENERATE_SWIFT_ASSET_SYMBOL_EXTENSIONS = YES;
				CLANG_ANALYZER_NONNULL = YES;
				CLANG_ANALYZER_NUMBER_OBJECT_CONVERSION = YES_AGGRESSIVE;
				CLANG_CXX_LANGUAGE_STANDARD = "gnu++20";
				CLANG_ENABLE_MODULES = YES;
				CLANG_ENABLE_OBJC_ARC = YES;
				CLANG_ENABLE_OBJC_WEAK = YES;
				CLANG_WARN_BLOCK_CAPTURE_AUTORELEASING = YES;
				CLANG_WARN_BOOL_CONVERSION = YES;
				CLANG_WARN_COMMA = YES;
				CLANG_WARN_CONSTANT_CONVERSION = YES;
				CLANG_WARN_DEPRECATED_OBJC_IMPLEMENTATIONS = YES;
				CLANG_WARN_DIRECT_OBJC_ISA_USAGE = YES_ERROR;
				CLANG_WARN_DOCUMENTATION_COMMENTS = YES;
				CLANG_WARN_EMPTY_BODY = YES;
				CLANG_WARN_ENUM_CONVERSION = YES;
				CLANG_WARN_INFINITE_RECURSION = YES;
				CLANG_WARN_INT_CONVERSION = YES;
				CLANG_WARN_NON_LITERAL_NULL_CONVERSION = YES;
				CLANG_WARN_OBJC_IMPLICIT_RETAIN_SELF = YES;
				CLANG_WARN_OBJC_LITERAL_CONVERSION = YES;
				CLANG_WARN_OBJC_ROOT_CLASS = YES_ERROR;
				CLANG_WARN_QUOTED_INCLUDE_IN_FRAMEWORK_HEADER = YES;
				CLANG_WARN_RANGE_LOOP_ANALYSIS = YES;
				CLANG_WARN_STRICT_PROTOTYPES = YES;
				CLANG_WARN_SUSPICIOUS_MOVE = YES;
				CLANG_WARN_UNGUARDED_AVAILABILITY = YES_AGGRESSIVE;
				CLANG_WARN_UNREACHABLE_CODE = YES;
				CLANG_WARN__DUPLICATE_METHOD_MATCH = YES;
				COPY_PHASE_STRIP = NO;
				DEBUG_INFORMATION_FORMAT = "dwarf-with-dsym";
				ENABLE_NS_ASSERTIONS = NO;
				ENABLE_STRICT_OBJC_MSGSEND = YES;
				ENABLE_USER_SCRIPT_SANDBOXING = YES;
				GCC_C_LANGUAGE_STANDARD = gnu17;
				GCC_NO_COMMON_BLOCKS = YES;
				GCC_WARN_64_TO_32_BIT_CONVERSION = YES;
				GCC_WARN_ABOUT_RETURN_TYPE = YES_ERROR;
				GCC_WARN_UNDECLARED_SELECTOR = YES;
				GCC_WARN_UNINITIALIZED_AUTOS = YES_AGGRESSIVE;
				GCC_WARN_UNUSED_FUNCTION = YES;
				GCC_WARN_UNUSED_VARIABLE = YES;
				IPHONEOS_DEPLOYMENT_TARGET = 17.2;
				LOCALIZATION_PREFERS_STRING_CATALOGS = YES;
				MTL_ENABLE_DEBUG_INFO = NO;
				MTL_FAST_MATH = YES;
				SDKROOT = iphoneos;
				SWIFT_COMPILATION_MODE = wholemodule;
				VALIDATE_PRODUCT = YES;
			};
			name = Release;
		};
		4123F9322BB83ECE00B4D405 /* Debug */ = {
			isa = XCBuildConfiguration;
			buildSettings = {
				ASSETCATALOG_COMPILER_APPICON_NAME = AppIcon;
				ASSETCATALOG_COMPILER_GLOBAL_ACCENT_COLOR_NAME = AccentColor;
				CODE_SIGN_STYLE = Automatic;
				CURRENT_PROJECT_VERSION = 1;
				DEVELOPMENT_ASSET_PATHS = "\"SwiftfulThinkingBootcamp/Preview Content\"";
				ENABLE_PREVIEWS = YES;
				GENERATE_INFOPLIST_FILE = YES;
				INFOPLIST_KEY_UIApplicationSceneManifest_Generation = YES;
				INFOPLIST_KEY_UIApplicationSupportsIndirectInputEvents = YES;
				INFOPLIST_KEY_UILaunchScreen_Generation = YES;
				INFOPLIST_KEY_UISupportedInterfaceOrientations_iPad = "UIInterfaceOrientationPortrait UIInterfaceOrientationPortraitUpsideDown UIInterfaceOrientationLandscapeLeft UIInterfaceOrientationLandscapeRight";
				INFOPLIST_KEY_UISupportedInterfaceOrientations_iPhone = "UIInterfaceOrientationPortrait UIInterfaceOrientationLandscapeLeft UIInterfaceOrientationLandscapeRight";
				IPHONEOS_DEPLOYMENT_TARGET = 17.2;
				LD_RUNPATH_SEARCH_PATHS = (
					"$(inherited)",
					"@executable_path/Frameworks",
				);
				MARKETING_VERSION = 1.0;
				PRODUCT_BUNDLE_IDENTIFIER = com.akhilesh.SwiftfulThinkingBootcamp;
				PRODUCT_NAME = "$(TARGET_NAME)";
				SWIFT_EMIT_LOC_STRINGS = YES;
				SWIFT_VERSION = 5.0;
				TARGETED_DEVICE_FAMILY = "1,2";
			};
			name = Debug;
		};
		4123F9332BB83ECE00B4D405 /* Release */ = {
			isa = XCBuildConfiguration;
			buildSettings = {
				ASSETCATALOG_COMPILER_APPICON_NAME = AppIcon;
				ASSETCATALOG_COMPILER_GLOBAL_ACCENT_COLOR_NAME = AccentColor;
				CODE_SIGN_STYLE = Automatic;
				CURRENT_PROJECT_VERSION = 1;
				DEVELOPMENT_ASSET_PATHS = "\"SwiftfulThinkingBootcamp/Preview Content\"";
				ENABLE_PREVIEWS = YES;
				GENERATE_INFOPLIST_FILE = YES;
				INFOPLIST_KEY_UIApplicationSceneManifest_Generation = YES;
				INFOPLIST_KEY_UIApplicationSupportsIndirectInputEvents = YES;
				INFOPLIST_KEY_UILaunchScreen_Generation = YES;
				INFOPLIST_KEY_UISupportedInterfaceOrientations_iPad = "UIInterfaceOrientationPortrait UIInterfaceOrientationPortraitUpsideDown UIInterfaceOrientationLandscapeLeft UIInterfaceOrientationLandscapeRight";
				INFOPLIST_KEY_UISupportedInterfaceOrientations_iPhone = "UIInterfaceOrientationPortrait UIInterfaceOrientationLandscapeLeft UIInterfaceOrientationLandscapeRight";
				IPHONEOS_DEPLOYMENT_TARGET = 17.2;
				LD_RUNPATH_SEARCH_PATHS = (
					"$(inherited)",
					"@executable_path/Frameworks",
				);
				MARKETING_VERSION = 1.0;
				PRODUCT_BUNDLE_IDENTIFIER = com.akhilesh.SwiftfulThinkingBootcamp;
				PRODUCT_NAME = "$(TARGET_NAME)";
				SWIFT_EMIT_LOC_STRINGS = YES;
				SWIFT_VERSION = 5.0;
				TARGETED_DEVICE_FAMILY = "1,2";
			};
			name = Release;
		};
/* End XCBuildConfiguration section */

/* Begin XCConfigurationList section */
		4123F91E2BB83ECB00B4D405 /* Build configuration list for PBXProject "SwiftfulThinkingBootcamp" */ = {
			isa = XCConfigurationList;
			buildConfigurations = (
				4123F92F2BB83ECE00B4D405 /* Debug */,
				4123F9302BB83ECE00B4D405 /* Release */,
			);
			defaultConfigurationIsVisible = 0;
			defaultConfigurationName = Release;
		};
		4123F9312BB83ECE00B4D405 /* Build configuration list for PBXNativeTarget "SwiftfulThinkingBootcamp" */ = {
			isa = XCConfigurationList;
			buildConfigurations = (
				4123F9322BB83ECE00B4D405 /* Debug */,
				4123F9332BB83ECE00B4D405 /* Release */,
			);
			defaultConfigurationIsVisible = 0;
			defaultConfigurationName = Release;
		};
/* End XCConfigurationList section */
	};
	rootObject = 4123F91B2BB83ECB00B4D405 /* Project object */;
}
